
Microsoft Visual Studio Solution File, Format Version 12.00
# Visual Studio Version 17
VisualStudioVersion = 17.9.34622.214
MinimumVisualStudioVersion = 10.0.40219.1
Project("{FAE04EC0-301F-11D3-BF4B-00C04F79EFBC}") = "Vidly", "Vidly\Vidly.csproj", "{F33EB053-6250-4824-B068-EFAC81CA895A}"
EndProject
Global
	GlobalSection(SolutionConfigurationPlatforms) = preSolution
		Debug|Any CPU = Debug|Any CPU
		Release|Any CPU = Release|Any CPU
	EndGlobalSection
	GlobalSection(ProjectConfigurationPlatforms) = postSolution
		{F33EB053-6250-4824-B068-EFAC81CA895A}.Debug|Any CPU.ActiveCfg = Debug|Any CPU
		{F33EB053-6250-4824-B068-EFAC81CA895A}.Debug|Any CPU.Build.0 = Debug|Any CPU
		{F33EB053-6250-4824-B068-EFAC81CA895A}.Release|Any CPU.ActiveCfg = Release|Any CPU
		{F33EB053-6250-4824-B068-EFAC81CA895A}.Release|Any CPU.Build.0 = Release|Any CPU
	EndGlobalSection
	GlobalSection(SolutionProperties) = preSolution
		HideSolutionNode = FALSE
	EndGlobalSection
	GlobalSection(ExtensibilityGlobals) = postSolution
		SolutionGuid = {1C2FABCF-3B43-42E1-A267-E59ACE6534E9}
	EndGlobalSection
EndGlobal
